
Microsoft Visual Studio Solution File, Format Version 12.00
# Visual Studio 15
VisualStudioVersion = 15.0.27130.0
MinimumVisualStudioVersion = 10.0.40219.1
Project("{FAE04EC0-301F-11D3-BF4B-00C04F79EFBC}") = "MyMVCApp", "MyMVCApp\MyMVCApp.csproj", "{BCF02772-12C6-4844-B60B-62C3315AE5C0}"
EndProject
Global
	GlobalSection(SolutionConfigurationPlatforms) = preSolution
		Debug|Any CPU = Debug|Any CPU
		Release|Any CPU = Release|Any CPU
	EndGlobalSection
	GlobalSection(ProjectConfigurationPlatforms) = postSolution
		{BCF02772-12C6-4844-B60B-62C3315AE5C0}.Debug|Any CPU.ActiveCfg = Debug|Any CPU
		{BCF02772-12C6-4844-B60B-62C3315AE5C0}.Debug|Any CPU.Build.0 = Debug|Any CPU
		{BCF02772-12C6-4844-B60B-62C3315AE5C0}.Release|Any CPU.ActiveCfg = Release|Any CPU
		{BCF02772-12C6-4844-B60B-62C3315AE5C0}.Release|Any CPU.Build.0 = Release|Any CPU
	EndGlobalSection
	GlobalSection(SolutionProperties) = preSolution
		HideSolutionNode = FALSE
	EndGlobalSection
	GlobalSection(ExtensibilityGlobals) = postSolution
		SolutionGuid = {E9F49AB2-F1F5-42E8-897D-75FD90FEF520}
	EndGlobalSection
EndGlobal
